
Microsoft Visual Studio Solution File, Format Version 12.00
# Visual Studio 2013
VisualStudioVersion = 12.0.31101.0
MinimumVisualStudioVersion = 10.0.40219.1
Project("{8BC9CEB8-8B4A-11D0-8D11-00A0C91BC942}") = "SynchronizationChecker", "SynchronizationChecker\SynchronizationChecker.vcxproj", "{F879566C-CF6D-4BA3-861B-746C945FA24C}"
EndProject
Project("{8BC9CEB8-8B4A-11D0-8D11-00A0C91BC942}") = "Tests", "Tests\Tests.vcxproj", "{EEEAF2BB-D64D-4B78-B677-7D3F806BD4B9}"
EndProject
Global
	GlobalSection(SolutionConfigurationPlatforms) = preSolution
		Debug|Win32 = Debug|Win32
		Debug|x64 = Debug|x64
		Release|Win32 = Release|Win32
		Release|x64 = Release|x64
		x64|Win32 = x64|Win32
		x64|x64 = x64|x64
	EndGlobalSection
	GlobalSection(ProjectConfigurationPlatforms) = postSolution
		{F879566C-CF6D-4BA3-861B-746C945FA24C}.Debug|Win32.ActiveCfg = Debug|Win32
		{F879566C-CF6D-4BA3-861B-746C945FA24C}.Debug|Win32.Build.0 = Debug|Win32
		{F879566C-CF6D-4BA3-861B-746C945FA24C}.Debug|x64.ActiveCfg = Debug|x64
		{F879566C-CF6D-4BA3-861B-746C945FA24C}.Debug|x64.Build.0 = Debug|x64
		{F879566C-CF6D-4BA3-861B-746C945FA24C}.Release|Win32.ActiveCfg = Release|Win32
		{F879566C-CF6D-4BA3-861B-746C945FA24C}.Release|Win32.Build.0 = Release|Win32
		{F879566C-CF6D-4BA3-861B-746C945FA24C}.Release|x64.ActiveCfg = Release|x64
		{F879566C-CF6D-4BA3-861B-746C945FA24C}.Release|x64.Build.0 = Release|x64
		{F879566C-CF6D-4BA3-861B-746C945FA24C}.x64|Win32.ActiveCfg = x64|Win32
		{F879566C-CF6D-4BA3-861B-746C945FA24C}.x64|Win32.Build.0 = x64|Win32
		{F879566C-CF6D-4BA3-861B-746C945FA24C}.x64|x64.ActiveCfg = Release|x64
		{F879566C-CF6D-4BA3-861B-746C945FA24C}.x64|x64.Build.0 = Release|x64
		{EEEAF2BB-D64D-4B78-B677-7D3F806BD4B9}.Debug|Win32.ActiveCfg = Debug|Win32
		{EEEAF2BB-D64D-4B78-B677-7D3F806BD4B9}.Debug|Win32.Build.0 = Debug|Win32
		{EEEAF2BB-D64D-4B78-B677-7D3F806BD4B9}.Debug|x64.ActiveCfg = Debug|Win32
		{EEEAF2BB-D64D-4B78-B677-7D3F806BD4B9}.Release|Win32.ActiveCfg = Release|Win32
		{EEEAF2BB-D64D-4B78-B677-7D3F806BD4B9}.Release|Win32.Build.0 = Release|Win32
		{EEEAF2BB-D64D-4B78-B677-7D3F806BD4B9}.Release|x64.ActiveCfg = Release|Win32
		{EEEAF2BB-D64D-4B78-B677-7D3F806BD4B9}.x64|Win32.ActiveCfg = x64|Win32
		{EEEAF2BB-D64D-4B78-B677-7D3F806BD4B9}.x64|Win32.Build.0 = x64|Win32
		{EEEAF2BB-D64D-4B78-B677-7D3F806BD4B9}.x64|x64.ActiveCfg = x64|Win32
	EndGlobalSection
	GlobalSection(SolutionProperties) = preSolution
		HideSolutionNode = FALSE
	EndGlobalSection
EndGlobal
